Microsoft Visual Studio Solution File, Format Version 11.00
# Visual Studio 2008

Project("{4F13A5D6-11A3-0B15-F61D-BADB5CEA1C6E}") = "ProtoDash", "Assembly-CSharp.csproj", "{FD652CA3-1030-2783-702D-D9893C1A4C0A}"
EndProject
Global
	GlobalSection(SolutionConfigurationPlatforms) = preSolution
		Debug|Any CPU = Debug|Any CPU
		Release|Any CPU = Release|Any CPU
	EndGlobalSection
	GlobalSection(ProjectConfigurationPlatforms) = postSolution
		{FD652CA3-1030-2783-702D-D9893C1A4C0A}.Debug|Any CPU.ActiveCfg = Debug|Any CPU
		{FD652CA3-1030-2783-702D-D9893C1A4C0A}.Debug|Any CPU.Build.0 = Debug|Any CPU
		{FD652CA3-1030-2783-702D-D9893C1A4C0A}.Release|Any CPU.ActiveCfg = Release|Any CPU
		{FD652CA3-1030-2783-702D-D9893C1A4C0A}.Release|Any CPU.Build.0 = Release|Any CPU
	EndGlobalSection
	GlobalSection(SolutionProperties) = preSolution
		HideSolutionNode = FALSE
	EndGlobalSection
	GlobalSection(MonoDevelopProperties) = preSolution
		StartupItem = Assembly-CSharp.csproj
	EndGlobalSection
EndGlobal
