
Microsoft Visual Studio Solution File, Format Version 12.00
# Visual Studio 2015
Project("{FAE04EC0-301F-11D3-BF4B-00C04F79EFBC}") = "ProtoDash", "ProtoDash.csproj", "{46EEB145-CF6E-5073-E257-5FE21B8C2C80}"
EndProject
Project("{FAE04EC0-301F-11D3-BF4B-00C04F79EFBC}") = "ProtoDash.Editor", "ProtoDash.Editor.csproj", "{2C2F3542-3595-527A-6C12-4B72437B493B}"
EndProject
Global
	GlobalSection(SolutionConfigurationPlatforms) = preSolution
		Debug|Any CPU = Debug|Any CPU
		Release|Any CPU = Release|Any CPU
	EndGlobalSection
	GlobalSection(ProjectConfigurationPlatforms) = postSolution
		{46EEB145-CF6E-5073-E257-5FE21B8C2C80}.Debug|Any CPU.ActiveCfg = Debug|Any CPU
		{46EEB145-CF6E-5073-E257-5FE21B8C2C80}.Debug|Any CPU.Build.0 = Debug|Any CPU
		{46EEB145-CF6E-5073-E257-5FE21B8C2C80}.Release|Any CPU.ActiveCfg = Release|Any CPU
		{46EEB145-CF6E-5073-E257-5FE21B8C2C80}.Release|Any CPU.Build.0 = Release|Any CPU
		{2C2F3542-3595-527A-6C12-4B72437B493B}.Debug|Any CPU.ActiveCfg = Debug|Any CPU
		{2C2F3542-3595-527A-6C12-4B72437B493B}.Debug|Any CPU.Build.0 = Debug|Any CPU
		{2C2F3542-3595-527A-6C12-4B72437B493B}.Release|Any CPU.ActiveCfg = Release|Any CPU
		{2C2F3542-3595-527A-6C12-4B72437B493B}.Release|Any CPU.Build.0 = Release|Any CPU
	EndGlobalSection
	GlobalSection(SolutionProperties) = preSolution
		HideSolutionNode = FALSE
	EndGlobalSection
EndGlobal
