
Microsoft Visual Studio Solution File, Format Version 12.00
# Visual Studio 2015
Project("{FAE04EC0-301F-11D3-BF4B-00C04F79EFBC}") = "ProtoDash.CSharp", "ProtoDash.CSharp.csproj", "{24BF44B8-DF5B-93EA-BBC1-F54B056A95C1}"
EndProject
Project("{FAE04EC0-301F-11D3-BF4B-00C04F79EFBC}") = "ProtoDash.CSharp.Editor", "ProtoDash.CSharp.Editor.csproj", "{7EC1FD54-4299-CC1E-C4EE-0536C6243DBD}"
EndProject
Global
	GlobalSection(SolutionConfigurationPlatforms) = preSolution
		Debug|Any CPU = Debug|Any CPU
		Release|Any CPU = Release|Any CPU
	EndGlobalSection
	GlobalSection(ProjectConfigurationPlatforms) = postSolution
		{24BF44B8-DF5B-93EA-BBC1-F54B056A95C1}.Debug|Any CPU.ActiveCfg = Debug|Any CPU
		{24BF44B8-DF5B-93EA-BBC1-F54B056A95C1}.Debug|Any CPU.Build.0 = Debug|Any CPU
		{24BF44B8-DF5B-93EA-BBC1-F54B056A95C1}.Release|Any CPU.ActiveCfg = Release|Any CPU
		{24BF44B8-DF5B-93EA-BBC1-F54B056A95C1}.Release|Any CPU.Build.0 = Release|Any CPU
		{7EC1FD54-4299-CC1E-C4EE-0536C6243DBD}.Debug|Any CPU.ActiveCfg = Debug|Any CPU
		{7EC1FD54-4299-CC1E-C4EE-0536C6243DBD}.Debug|Any CPU.Build.0 = Debug|Any CPU
		{7EC1FD54-4299-CC1E-C4EE-0536C6243DBD}.Release|Any CPU.ActiveCfg = Release|Any CPU
		{7EC1FD54-4299-CC1E-C4EE-0536C6243DBD}.Release|Any CPU.Build.0 = Release|Any CPU
	EndGlobalSection
	GlobalSection(SolutionProperties) = preSolution
		HideSolutionNode = FALSE
	EndGlobalSection
EndGlobal
